// !$*UTF8*$!
{
	archiveVersion = 1;
	classes = {
	};
	objectVersion = 46;
	objects = {

/* Begin PBXBuildFile section */
		1C1C828618609E7F002E07F0 /* Main.storyboard in Resources */ = {isa = PBXBuildFile; fileRef = 1C1C828518609E7F002E07F0 /* Main.storyboard */; };
		1C1C828918609EE1002E07F0 /* MainViewController.m in Sources */ = {isa = PBXBuildFile; fileRef = 1C1C828818609EE1002E07F0 /* MainViewController.m */; };
		1C1C82901860A827002E07F0 /* README.md in Resources */ = {isa = PBXBuildFile; fileRef = 1C1C828F1860A827002E07F0 /* README.md */; };
		1C28C9C8186093CB00CB726C /* Foundation.framework in Frameworks */ = {isa = PBXBuildFile; fileRef = 1C28C9C7186093CB00CB726C /* Foundation.framework */; };
		1C28C9CA186093CB00CB726C /* CoreGraphics.framework in Frameworks */ = {isa = PBXBuildFile; fileRef = 1C28C9C9186093CB00CB726C /* CoreGraphics.framework */; };
		1C28C9CC186093CB00CB726C /* UIKit.framework in Frameworks */ = {isa = PBXBuildFile; fileRef = 1C28C9CB186093CB00CB726C /* UIKit.framework */; };
		1C28C9D2186093CB00CB726C /* InfoPlist.strings in Resources */ = {isa = PBXBuildFile; fileRef = 1C28C9D0186093CB00CB726C /* InfoPlist.strings */; };
		1C28C9D4186093CB00CB726C /* main.m in Sources */ = {isa = PBXBuildFile; fileRef = 1C28C9D3186093CB00CB726C /* main.m */; };
		1C28C9D8186093CB00CB726C /* AppDelegate.m in Sources */ = {isa = PBXBuildFile; fileRef = 1C28C9D7186093CB00CB726C /* AppDelegate.m */; };
		1C28C9E0186093CB00CB726C /* Images.xcassets in Resources */ = {isa = PBXBuildFile; fileRef = 1C28C9DF186093CB00CB726C /* Images.xcassets */; };
		1C28C9E7186093CB00CB726C /* XCTest.framework in Frameworks */ = {isa = PBXBuildFile; fileRef = 1C28C9E6186093CB00CB726C /* XCTest.framework */; };
		1C28C9E8186093CB00CB726C /* Foundation.framework in Frameworks */ = {isa = PBXBuildFile; fileRef = 1C28C9C7186093CB00CB726C /* Foundation.framework */; };
		1C28C9E9186093CB00CB726C /* UIKit.framework in Frameworks */ = {isa = PBXBuildFile; fileRef = 1C28C9CB186093CB00CB726C /* UIKit.framework */; };
		1C28C9F1186093CB00CB726C /* InfoPlist.strings in Resources */ = {isa = PBXBuildFile; fileRef = 1C28C9EF186093CB00CB726C /* InfoPlist.strings */; };
		1C28C9F3186093CB00CB726C /* RadioStudentTests.m in Sources */ = {isa = PBXBuildFile; fileRef = 1C28C9F2186093CB00CB726C /* RadioStudentTests.m */; };
		1C8951591869B67C00C4F3FF /* ArticleController.m in Sources */ = {isa = PBXBuildFile; fileRef = 1C8951581869B67C00C4F3FF /* ArticleController.m */; };
		1C9FE9CB1864645A00F6055A /* AudioToolbox.framework in Frameworks */ = {isa = PBXBuildFile; fileRef = 1C9FE9CA1864645A00F6055A /* AudioToolbox.framework */; };
		1C9FE9CD1864646500F6055A /* CFNetwork.framework in Frameworks */ = {isa = PBXBuildFile; fileRef = 1C9FE9CC1864646500F6055A /* CFNetwork.framework */; };
		1CB196791865907D00CA4475 /* RSFeeds.m in Sources */ = {isa = PBXBuildFile; fileRef = 1CB196781865907D00CA4475 /* RSFeeds.m */; };
		1CB1967C1865948D00CA4475 /* Version.m in Sources */ = {isa = PBXBuildFile; fileRef = 1CB1967B1865948D00CA4475 /* Version.m */; };
		1CC4A26C18687E3500B46C9C /* WebArticleController.m in Sources */ = {isa = PBXBuildFile; fileRef = 1CC4A26B18687E3500B46C9C /* WebArticleController.m */; };
		1CE387F31864ED0000FD2CB9 /* AudioStreamer.m in Sources */ = {isa = PBXBuildFile; fileRef = 1CE387F01864ED0000FD2CB9 /* AudioStreamer.m */; };
		1CE387F41864ED0000FD2CB9 /* Reachability.m in Sources */ = {isa = PBXBuildFile; fileRef = 1CE387F21864ED0000FD2CB9 /* Reachability.m */; };
		1CE387F91864ED1300FD2CB9 /* RSStreamer.m in Sources */ = {isa = PBXBuildFile; fileRef = 1CE387F51864ED1300FD2CB9 /* RSStreamer.m */; };
		1CE387FA1864ED1300FD2CB9 /* RSPlayer.m in Sources */ = {isa = PBXBuildFile; fileRef = 1CE387F61864ED1300FD2CB9 /* RSPlayer.m */; };
		1CFC32E01865D06400300F25 /* RSImage.m in Sources */ = {isa = PBXBuildFile; fileRef = 1CFC32DF1865D06400300F25 /* RSImage.m */; };
/* End PBXBuildFile section */

/* Begin PBXContainerItemProxy section */
		1C28C9EA186093CB00CB726C /* PBXContainerItemProxy */ = {
			isa = PBXContainerItemProxy;
			containerPortal = 1C28C9BC186093CB00CB726C /* Project object */;
			proxyType = 1;
			remoteGlobalIDString = 1C28C9C3186093CB00CB726C;
			remoteInfo = RadioStudent;
		};
/* End PBXContainerItemProxy section */

/* Begin PBXFileReference section */
		1C1C828518609E7F002E07F0 /* Main.storyboard */ = {isa = PBXFileReference; fileEncoding = 4; lastKnownFileType = file.storyboard; path = Main.storyboard; sourceTree = "<group>"; };
		1C1C828718609EE1002E07F0 /* MainViewController.h */ = {isa = PBXFileReference; fileEncoding = 4; lastKnownFileType = sourcecode.c.h; path = MainViewController.h; sourceTree = "<group>"; };
		1C1C828818609EE1002E07F0 /* MainViewController.m */ = {isa = PBXFileReference; fileEncoding = 4; lastKnownFileType = sourcecode.c.objc; path = MainViewController.m; sourceTree = "<group>"; };
		1C1C828A1860A07F002E07F0 /* Constants.h */ = {isa = PBXFileReference; lastKnownFileType = sourcecode.c.h; name = Constants.h; path = RadioStudent/Constants.h; sourceTree = "<group>"; };
		1C1C828F1860A827002E07F0 /* README.md */ = {isa = PBXFileReference; fileEncoding = 4; lastKnownFileType = text; path = README.md; sourceTree = "<group>"; };
		1C28C9C4186093CB00CB726C /* RadioStudent.app */ = {isa = PBXFileReference; explicitFileType = wrapper.application; includeInIndex = 0; path = RadioStudent.app; sourceTree = BUILT_PRODUCTS_DIR; };
		1C28C9C7186093CB00CB726C /* Foundation.framework */ = {isa = PBXFileReference; lastKnownFileType = wrapper.framework; name = Foundation.framework; path = System/Library/Frameworks/Foundation.framework; sourceTree = SDKROOT; };
		1C28C9C9186093CB00CB726C /* CoreGraphics.framework */ = {isa = PBXFileReference; lastKnownFileType = wrapper.framework; name = CoreGraphics.framework; path = System/Library/Frameworks/CoreGraphics.framework; sourceTree = SDKROOT; };
		1C28C9CB186093CB00CB726C /* UIKit.framework */ = {isa = PBXFileReference; lastKnownFileType = wrapper.framework; name = UIKit.framework; path = System/Library/Frameworks/UIKit.framework; sourceTree = SDKROOT; };
		1C28C9CF186093CB00CB726C /* RadioStudent-Info.plist */ = {isa = PBXFileReference; lastKnownFileType = text.plist.xml; path = "RadioStudent-Info.plist"; sourceTree = "<group>"; };
		1C28C9D1186093CB00CB726C /* en */ = {isa = PBXFileReference; lastKnownFileType = text.plist.strings; name = en; path = en.lproj/InfoPlist.strings; sourceTree = "<group>"; };
		1C28C9D3186093CB00CB726C /* main.m */ = {isa = PBXFileReference; lastKnownFileType = sourcecode.c.objc; path = main.m; sourceTree = "<group>"; };
		1C28C9D5186093CB00CB726C /* RadioStudent-Prefix.pch */ = {isa = PBXFileReference; lastKnownFileType = sourcecode.c.h; path = "RadioStudent-Prefix.pch"; sourceTree = "<group>"; };
		1C28C9D6186093CB00CB726C /* AppDelegate.h */ = {isa = PBXFileReference; lastKnownFileType = sourcecode.c.h; path = AppDelegate.h; sourceTree = "<group>"; };
		1C28C9D7186093CB00CB726C /* AppDelegate.m */ = {isa = PBXFileReference; lastKnownFileType = sourcecode.c.objc; path = AppDelegate.m; sourceTree = "<group>"; };
		1C28C9DF186093CB00CB726C /* Images.xcassets */ = {isa = PBXFileReference; lastKnownFileType = folder.assetcatalog; path = Images.xcassets; sourceTree = "<group>"; };
		1C28C9E5186093CB00CB726C /* RadioStudentTests.xctest */ = {isa = PBXFileReference; explicitFileType = wrapper.cfbundle; includeInIndex = 0; path = RadioStudentTests.xctest; sourceTree = BUILT_PRODUCTS_DIR; };
		1C28C9E6186093CB00CB726C /* XCTest.framework */ = {isa = PBXFileReference; lastKnownFileType = wrapper.framework; name = XCTest.framework; path = Library/Frameworks/XCTest.framework; sourceTree = DEVELOPER_DIR; };
		1C28C9EE186093CB00CB726C /* RadioStudentTests-Info.plist */ = {isa = PBXFileReference; lastKnownFileType = text.plist.xml; path = "RadioStudentTests-Info.plist"; sourceTree = "<group>"; };
		1C28C9F0186093CB00CB726C /* en */ = {isa = PBXFileReference; lastKnownFileType = text.plist.strings; name = en; path = en.lproj/InfoPlist.strings; sourceTree = "<group>"; };
		1C28C9F2186093CB00CB726C /* RadioStudentTests.m */ = {isa = PBXFileReference; lastKnownFileType = sourcecode.c.objc; path = RadioStudentTests.m; sourceTree = "<group>"; };
		1C8951571869B67C00C4F3FF /* ArticleController.h */ = {isa = PBXFileReference; fileEncoding = 4; lastKnownFileType = sourcecode.c.h; path = ArticleController.h; sourceTree = "<group>"; };
		1C8951581869B67C00C4F3FF /* ArticleController.m */ = {isa = PBXFileReference; fileEncoding = 4; lastKnownFileType = sourcecode.c.objc; path = ArticleController.m; sourceTree = "<group>"; };
		1C9FE9CA1864645A00F6055A /* AudioToolbox.framework */ = {isa = PBXFileReference; lastKnownFileType = wrapper.framework; name = AudioToolbox.framework; path = System/Library/Frameworks/AudioToolbox.framework; sourceTree = SDKROOT; };
		1C9FE9CC1864646500F6055A /* CFNetwork.framework */ = {isa = PBXFileReference; lastKnownFileType = wrapper.framework; name = CFNetwork.framework; path = System/Library/Frameworks/CFNetwork.framework; sourceTree = SDKROOT; };
		1CB196771865907D00CA4475 /* RSFeeds.h */ = {isa = PBXFileReference; fileEncoding = 4; lastKnownFileType = sourcecode.c.h; path = RSFeeds.h; sourceTree = "<group>"; };
		1CB196781865907D00CA4475 /* RSFeeds.m */ = {isa = PBXFileReference; fileEncoding = 4; lastKnownFileType = sourcecode.c.objc; path = RSFeeds.m; sourceTree = "<group>"; };
		1CB1967A1865948D00CA4475 /* Version.h */ = {isa = PBXFileReference; fileEncoding = 4; lastKnownFileType = sourcecode.c.h; path = Version.h; sourceTree = "<group>"; };
		1CB1967B1865948D00CA4475 /* Version.m */ = {isa = PBXFileReference; fileEncoding = 4; lastKnownFileType = sourcecode.c.objc; path = Version.m; sourceTree = "<group>"; };
		1CC4A26A18687E3500B46C9C /* WebArticleController.h */ = {isa = PBXFileReference; fileEncoding = 4; lastKnownFileType = sourcecode.c.h; path = WebArticleController.h; sourceTree = "<group>"; };
		1CC4A26B18687E3500B46C9C /* WebArticleController.m */ = {isa = PBXFileReference; fileEncoding = 4; lastKnownFileType = sourcecode.c.objc; path = WebArticleController.m; sourceTree = "<group>"; };
		1CE387EF1864ED0000FD2CB9 /* AudioStreamer.h */ = {isa = PBXFileReference; fileEncoding = 4; lastKnownFileType = sourcecode.c.h; name = AudioStreamer.h; path = Vendors/AudioStreamer.h; sourceTree = "<group>"; };
		1CE387F01864ED0000FD2CB9 /* AudioStreamer.m */ = {isa = PBXFileReference; fileEncoding = 4; lastKnownFileType = sourcecode.c.objc; name = AudioStreamer.m; path = Vendors/AudioStreamer.m; sourceTree = "<group>"; };
		1CE387F11864ED0000FD2CB9 /* Reachability.h */ = {isa = PBXFileReference; fileEncoding = 4; lastKnownFileType = sourcecode.c.h; name = Reachability.h; path = Vendors/Reachability.h; sourceTree = "<group>"; };
		1CE387F21864ED0000FD2CB9 /* Reachability.m */ = {isa = PBXFileReference; fileEncoding = 4; lastKnownFileType = sourcecode.c.objc; name = Reachability.m; path = Vendors/Reachability.m; sourceTree = "<group>"; };
		1CE387F51864ED1300FD2CB9 /* RSStreamer.m */ = {isa = PBXFileReference; fileEncoding = 4; lastKnownFileType = sourcecode.c.objc; name = RSStreamer.m; path = Common/RSStreamer.m; sourceTree = "<group>"; };
		1CE387F61864ED1300FD2CB9 /* RSPlayer.m */ = {isa = PBXFileReference; fileEncoding = 4; lastKnownFileType = sourcecode.c.objc; name = RSPlayer.m; path = Common/RSPlayer.m; sourceTree = "<group>"; };
		1CE387F71864ED1300FD2CB9 /* RSStreamer.h */ = {isa = PBXFileReference; fileEncoding = 4; lastKnownFileType = sourcecode.c.h; name = RSStreamer.h; path = Common/RSStreamer.h; sourceTree = "<group>"; };
		1CE387F81864ED1300FD2CB9 /* RSPlayer.h */ = {isa = PBXFileReference; fileEncoding = 4; lastKnownFileType = sourcecode.c.h; name = RSPlayer.h; path = Common/RSPlayer.h; sourceTree = "<group>"; };
		1CFC32DE1865D06400300F25 /* RSImage.h */ = {isa = PBXFileReference; fileEncoding = 4; lastKnownFileType = sourcecode.c.h; path = RSImage.h; sourceTree = "<group>"; };
		1CFC32DF1865D06400300F25 /* RSImage.m */ = {isa = PBXFileReference; fileEncoding = 4; lastKnownFileType = sourcecode.c.objc; path = RSImage.m; sourceTree = "<group>"; };
/* End PBXFileReference section */

/* Begin PBXFrameworksBuildPhase section */
		1C28C9C1186093CB00CB726C /* Frameworks */ = {
			isa = PBXFrameworksBuildPhase;
			buildActionMask = 2147483647;
			files = (
				1C9FE9CD1864646500F6055A /* CFNetwork.framework in Frameworks */,
				1C9FE9CB1864645A00F6055A /* AudioToolbox.framework in Frameworks */,
				1C28C9CA186093CB00CB726C /* CoreGraphics.framework in Frameworks */,
				1C28C9CC186093CB00CB726C /* UIKit.framework in Frameworks */,
				1C28C9C8186093CB00CB726C /* Foundation.framework in Frameworks */,
			);
			runOnlyForDeploymentPostprocessing = 0;
		};
		1C28C9E2186093CB00CB726C /* Frameworks */ = {
			isa = PBXFrameworksBuildPhase;
			buildActionMask = 2147483647;
			files = (
				1C28C9E7186093CB00CB726C /* XCTest.framework in Frameworks */,
				1C28C9E9186093CB00CB726C /* UIKit.framework in Frameworks */,
				1C28C9E8186093CB00CB726C /* Foundation.framework in Frameworks */,
			);
			runOnlyForDeploymentPostprocessing = 0;
		};
/* End PBXFrameworksBuildPhase section */

/* Begin PBXGroup section */
		1C1C828118609DCB002E07F0 /* Vendors */ = {
			isa = PBXGroup;
			children = (
				1CB1967A1865948D00CA4475 /* Version.h */,
				1CB1967B1865948D00CA4475 /* Version.m */,
				1CE387EF1864ED0000FD2CB9 /* AudioStreamer.h */,
				1CE387F01864ED0000FD2CB9 /* AudioStreamer.m */,
				1CE387F11864ED0000FD2CB9 /* Reachability.h */,
				1CE387F21864ED0000FD2CB9 /* Reachability.m */,
			);
			name = Vendors;
			sourceTree = "<group>";
		};
		1C28C9BB186093CB00CB726C = {
			isa = PBXGroup;
			children = (
				1C1C828A1860A07F002E07F0 /* Constants.h */,
				1CE387EE1864ECE700FD2CB9 /* Common */,
				1C28C9CD186093CB00CB726C /* RadioStudent */,
				1C1C828118609DCB002E07F0 /* Vendors */,
				1C28C9C6186093CB00CB726C /* Frameworks */,
				1C28C9C5186093CB00CB726C /* Products */,
				1C1C828F1860A827002E07F0 /* README.md */,
			);
			sourceTree = "<group>";
		};
		1C28C9C5186093CB00CB726C /* Products */ = {
			isa = PBXGroup;
			children = (
				1C28C9C4186093CB00CB726C /* RadioStudent.app */,
				1C28C9E5186093CB00CB726C /* RadioStudentTests.xctest */,
			);
			name = Products;
			sourceTree = "<group>";
		};
		1C28C9C6186093CB00CB726C /* Frameworks */ = {
			isa = PBXGroup;
			children = (
				1C9FE9CC1864646500F6055A /* CFNetwork.framework */,
				1C9FE9CA1864645A00F6055A /* AudioToolbox.framework */,
				1C28C9C7186093CB00CB726C /* Foundation.framework */,
				1C28C9C9186093CB00CB726C /* CoreGraphics.framework */,
				1C28C9CB186093CB00CB726C /* UIKit.framework */,
				1C28C9E6186093CB00CB726C /* XCTest.framework */,
			);
			name = Frameworks;
			sourceTree = "<group>";
		};
		1C28C9CD186093CB00CB726C /* RadioStudent */ = {
			isa = PBXGroup;
			children = (
				1C28C9D6186093CB00CB726C /* AppDelegate.h */,
				1C28C9D7186093CB00CB726C /* AppDelegate.m */,
				1C1C828718609EE1002E07F0 /* MainViewController.h */,
				1C1C828818609EE1002E07F0 /* MainViewController.m */,
				1CC4A26A18687E3500B46C9C /* WebArticleController.h */,
				1CC4A26B18687E3500B46C9C /* WebArticleController.m */,
				1C8951571869B67C00C4F3FF /* ArticleController.h */,
				1C8951581869B67C00C4F3FF /* ArticleController.m */,
				1C1C828518609E7F002E07F0 /* Main.storyboard */,
				1C28C9DF186093CB00CB726C /* Images.xcassets */,
				1C28C9CE186093CB00CB726C /* Supporting Files */,
				1C28C9EC186093CB00CB726C /* RadioStudentTests */,
			);
			path = RadioStudent;
			sourceTree = "<group>";
		};
		1C28C9CE186093CB00CB726C /* Supporting Files */ = {
			isa = PBXGroup;
			children = (
				1C28C9CF186093CB00CB726C /* RadioStudent-Info.plist */,
				1C28C9D0186093CB00CB726C /* InfoPlist.strings */,
				1C28C9D3186093CB00CB726C /* main.m */,
				1C28C9D5186093CB00CB726C /* RadioStudent-Prefix.pch */,
			);
			name = "Supporting Files";
			sourceTree = "<group>";
		};
		1C28C9EC186093CB00CB726C /* RadioStudentTests */ = {
			isa = PBXGroup;
			children = (
				1C28C9F2186093CB00CB726C /* RadioStudentTests.m */,
				1C28C9ED186093CB00CB726C /* Supporting Files */,
			);
			path = RadioStudentTests;
			sourceTree = SOURCE_ROOT;
		};
		1C28C9ED186093CB00CB726C /* Supporting Files */ = {
			isa = PBXGroup;
			children = (
				1C28C9EE186093CB00CB726C /* RadioStudentTests-Info.plist */,
				1C28C9EF186093CB00CB726C /* InfoPlist.strings */,
			);
			name = "Supporting Files";
			sourceTree = "<group>";
		};
		1CE387EE1864ECE700FD2CB9 /* Common */ = {
			isa = PBXGroup;
			children = (
				1CE387F71864ED1300FD2CB9 /* RSStreamer.h */,
				1CE387F51864ED1300FD2CB9 /* RSStreamer.m */,
				1CE387F81864ED1300FD2CB9 /* RSPlayer.h */,
				1CE387F61864ED1300FD2CB9 /* RSPlayer.m */,
				1CB196771865907D00CA4475 /* RSFeeds.h */,
				1CB196781865907D00CA4475 /* RSFeeds.m */,
				1CFC32DE1865D06400300F25 /* RSImage.h */,
				1CFC32DF1865D06400300F25 /* RSImage.m */,
			);
			name = Common;
			sourceTree = "<group>";
		};
/* End PBXGroup section */

/* Begin PBXNativeTarget section */
		1C28C9C3186093CB00CB726C /* RadioStudent */ = {
			isa = PBXNativeTarget;
			buildConfigurationList = 1C28C9F6186093CB00CB726C /* Build configuration list for PBXNativeTarget "RadioStudent" */;
			buildPhases = (
				1C28C9C0186093CB00CB726C /* Sources */,
				1C28C9C1186093CB00CB726C /* Frameworks */,
				1C28C9C2186093CB00CB726C /* Resources */,
			);
			buildRules = (
			);
			dependencies = (
			);
			name = RadioStudent;
			productName = RadioStudent;
			productReference = 1C28C9C4186093CB00CB726C /* RadioStudent.app */;
			productType = "com.apple.product-type.application";
		};
		1C28C9E4186093CB00CB726C /* RadioStudentTests */ = {
			isa = PBXNativeTarget;
			buildConfigurationList = 1C28C9F9186093CB00CB726C /* Build configuration list for PBXNativeTarget "RadioStudentTests" */;
			buildPhases = (
				1C28C9E1186093CB00CB726C /* Sources */,
				1C28C9E2186093CB00CB726C /* Frameworks */,
				1C28C9E3186093CB00CB726C /* Resources */,
			);
			buildRules = (
			);
			dependencies = (
				1C28C9EB186093CB00CB726C /* PBXTargetDependency */,
			);
			name = RadioStudentTests;
			productName = RadioStudentTests;
			productReference = 1C28C9E5186093CB00CB726C /* RadioStudentTests.xctest */;
			productType = "com.apple.product-type.bundle.unit-test";
		};
/* End PBXNativeTarget section */

/* Begin PBXProject section */
		1C28C9BC186093CB00CB726C /* Project object */ = {
			isa = PBXProject;
			attributes = {
				LastUpgradeCheck = 0510;
				ORGANIZATIONNAME = "Zavod Radio Študent Ljubljana";
				TargetAttributes = {
					1C28C9C3186093CB00CB726C = {
						DevelopmentTeam = UQUN786F29;
						SystemCapabilities = {
							com.apple.BackgroundModes = {
								enabled = 1;
							};
						};
					};
					1C28C9E4186093CB00CB726C = {
						TestTargetID = 1C28C9C3186093CB00CB726C;
					};
				};
			};
			buildConfigurationList = 1C28C9BF186093CB00CB726C /* Build configuration list for PBXProject "RadioStudent" */;
			compatibilityVersion = "Xcode 3.2";
			developmentRegion = English;
			hasScannedForEncodings = 0;
			knownRegions = (
				en,
				Base,
			);
			mainGroup = 1C28C9BB186093CB00CB726C;
			productRefGroup = 1C28C9C5186093CB00CB726C /* Products */;
			projectDirPath = "";
			projectRoot = "";
			targets = (
				1C28C9C3186093CB00CB726C /* RadioStudent */,
				1C28C9E4186093CB00CB726C /* RadioStudentTests */,
			);
		};
/* End PBXProject section */

/* Begin PBXResourcesBuildPhase section */
		1C28C9C2186093CB00CB726C /* Resources */ = {
			isa = PBXResourcesBuildPhase;
			buildActionMask = 2147483647;
			files = (
				1C28C9E0186093CB00CB726C /* Images.xcassets in Resources */,
				1C28C9D2186093CB00CB726C /* InfoPlist.strings in Resources */,
				1C1C82901860A827002E07F0 /* README.md in Resources */,
				1C1C828618609E7F002E07F0 /* Main.storyboard in Resources */,
			);
			runOnlyForDeploymentPostprocessing = 0;
		};
		1C28C9E3186093CB00CB726C /* Resources */ = {
			isa = PBXResourcesBuildPhase;
			buildActionMask = 2147483647;
			files = (
				1C28C9F1186093CB00CB726C /* InfoPlist.strings in Resources */,
			);
			runOnlyForDeploymentPostprocessing = 0;
		};
/* End PBXResourcesBuildPhase section */

/* Begin PBXSourcesBuildPhase section */
		1C28C9C0186093CB00CB726C /* Sources */ = {
			isa = PBXSourcesBuildPhase;
			buildActionMask = 2147483647;
			files = (
				1CB196791865907D00CA4475 /* RSFeeds.m in Sources */,
				1C28C9D8186093CB00CB726C /* AppDelegate.m in Sources */,
				1CB1967C1865948D00CA4475 /* Version.m in Sources */,
				1C1C828918609EE1002E07F0 /* MainViewController.m in Sources */,
				1C28C9D4186093CB00CB726C /* main.m in Sources */,
				1CE387FA1864ED1300FD2CB9 /* RSPlayer.m in Sources */,
				1C8951591869B67C00C4F3FF /* ArticleController.m in Sources */,
				1CFC32E01865D06400300F25 /* RSImage.m in Sources */,
				1CE387F31864ED0000FD2CB9 /* AudioStreamer.m in Sources */,
				1CC4A26C18687E3500B46C9C /* WebArticleController.m in Sources */,
				1CE387F41864ED0000FD2CB9 /* Reachability.m in Sources */,
				1CE387F91864ED1300FD2CB9 /* RSStreamer.m in Sources */,
			);
			runOnlyForDeploymentPostprocessing = 0;
		};
		1C28C9E1186093CB00CB726C /* Sources */ = {
			isa = PBXSourcesBuildPhase;
			buildActionMask = 2147483647;
			files = (
				1C28C9F3186093CB00CB726C /* RadioStudentTests.m in Sources */,
			);
			runOnlyForDeploymentPostprocessing = 0;
		};
/* End PBXSourcesBuildPhase section */

/* Begin PBXTargetDependency section */
		1C28C9EB186093CB00CB726C /* PBXTargetDependency */ = {
			isa = PBXTargetDependency;
			target = 1C28C9C3186093CB00CB726C /* RadioStudent */;
			targetProxy = 1C28C9EA186093CB00CB726C /* PBXContainerItemProxy */;
		};
/* End PBXTargetDependency section */

/* Begin PBXVariantGroup section */
		1C28C9D0186093CB00CB726C /* InfoPlist.strings */ = {
			isa = PBXVariantGroup;
			children = (
				1C28C9D1186093CB00CB726C /* en */,
			);
			name = InfoPlist.strings;
			sourceTree = "<group>";
		};
		1C28C9EF186093CB00CB726C /* InfoPlist.strings */ = {
			isa = PBXVariantGroup;
			children = (
				1C28C9F0186093CB00CB726C /* en */,
			);
			name = InfoPlist.strings;
			sourceTree = "<group>";
		};
/* End PBXVariantGroup section */

/* Begin XCBuildConfiguration section */
		1C28C9F4186093CB00CB726C /* Debug */ = {
			isa = XCBuildConfiguration;
			buildSettings = {
				ALWAYS_SEARCH_USER_PATHS = NO;
				ARCHS = "$(ARCHS_STANDARD_INCLUDING_64_BIT)";
				CLANG_CXX_LANGUAGE_STANDARD = "gnu++0x";
				CLANG_CXX_LIBRARY = "libc++";
				CLANG_ENABLE_MODULES = YES;
				CLANG_ENABLE_OBJC_ARC = YES;
				CLANG_WARN_BOOL_CONVERSION = YES;
				CLANG_WARN_CONSTANT_CONVERSION = YES;
				CLANG_WARN_DIRECT_OBJC_ISA_USAGE = YES_ERROR;
				CLANG_WARN_EMPTY_BODY = YES;
				CLANG_WARN_ENUM_CONVERSION = YES;
				CLANG_WARN_INT_CONVERSION = YES;
				CLANG_WARN_OBJC_ROOT_CLASS = YES_ERROR;
				CLANG_WARN__DUPLICATE_METHOD_MATCH = YES;
				"CODE_SIGN_IDENTITY[sdk=iphoneos*]" = "iPhone Developer";
				COPY_PHASE_STRIP = NO;
				GCC_C_LANGUAGE_STANDARD = gnu99;
				GCC_DYNAMIC_NO_PIC = NO;
				GCC_OPTIMIZATION_LEVEL = 0;
				GCC_PREPROCESSOR_DEFINITIONS = (
					"DEBUG=1",
					"$(inherited)",
				);
				GCC_SYMBOLS_PRIVATE_EXTERN = NO;
				GCC_WARN_64_TO_32_BIT_CONVERSION = YES;
				GCC_WARN_ABOUT_RETURN_TYPE = YES_ERROR;
				GCC_WARN_UNDECLARED_SELECTOR = YES;
				GCC_WARN_UNINITIALIZED_AUTOS = YES_AGGRESSIVE;
				GCC_WARN_UNUSED_FUNCTION = YES;
				GCC_WARN_UNUSED_VARIABLE = YES;
				IPHONEOS_DEPLOYMENT_TARGET = 7.1;
				ONLY_ACTIVE_ARCH = YES;
				SDKROOT = iphoneos;
			};
			name = Debug;
		};
		1C28C9F5186093CB00CB726C /* Release */ = {
			isa = XCBuildConfiguration;
			buildSettings = {
				ALWAYS_SEARCH_USER_PATHS = NO;
				ARCHS = "$(ARCHS_STANDARD_INCLUDING_64_BIT)";
				CLANG_CXX_LANGUAGE_STANDARD = "gnu++0x";
				CLANG_CXX_LIBRARY = "libc++";
				CLANG_ENABLE_MODULES = YES;
				CLANG_ENABLE_OBJC_ARC = YES;
				CLANG_WARN_BOOL_CONVERSION = YES;
				CLANG_WARN_CONSTANT_CONVERSION = YES;
				CLANG_WARN_DIRECT_OBJC_ISA_USAGE = YES_ERROR;
				CLANG_WARN_EMPTY_BODY = YES;
				CLANG_WARN_ENUM_CONVERSION = YES;
				CLANG_WARN_INT_CONVERSION = YES;
				CLANG_WARN_OBJC_ROOT_CLASS = YES_ERROR;
				CLANG_WARN__DUPLICATE_METHOD_MATCH = YES;
				"CODE_SIGN_IDENTITY[sdk=iphoneos*]" = "iPhone Developer";
				COPY_PHASE_STRIP = YES;
				ENABLE_NS_ASSERTIONS = NO;
				GCC_C_LANGUAGE_STANDARD = gnu99;
				GCC_WARN_64_TO_32_BIT_CONVERSION = YES;
				GCC_WARN_ABOUT_RETURN_TYPE = YES_ERROR;
				GCC_WARN_UNDECLARED_SELECTOR = YES;
				GCC_WARN_UNINITIALIZED_AUTOS = YES_AGGRESSIVE;
				GCC_WARN_UNUSED_FUNCTION = YES;
				GCC_WARN_UNUSED_VARIABLE = YES;
				IPHONEOS_DEPLOYMENT_TARGET = 7.1;
				SDKROOT = iphoneos;
				VALIDATE_PRODUCT = YES;
			};
			name = Release;
		};
		1C28C9F7186093CB00CB726C /* Debug */ = {
			isa = XCBuildConfiguration;
			buildSettings = {
				ASSETCATALOG_COMPILER_APPICON_NAME = AppIcon;
				ASSETCATALOG_COMPILER_LAUNCHIMAGE_NAME = LaunchImage;
				CODE_SIGN_IDENTITY = "iPhone Developer";
				"CODE_SIGN_IDENTITY[sdk=iphoneos*]" = "iPhone Developer";
				GCC_PRECOMPILE_PREFIX_HEADER = YES;
				GCC_PREFIX_HEADER = "RadioStudent/RadioStudent-Prefix.pch";
				INFOPLIST_FILE = "RadioStudent/RadioStudent-Info.plist";
				IPHONEOS_DEPLOYMENT_TARGET = 7.0;
				PRODUCT_NAME = "$(TARGET_NAME)";
				PROVISIONING_PROFILE = "";
				WRAPPER_EXTENSION = app;
			};
			name = Debug;
		};
		1C28C9F8186093CB00CB726C /* Release */ = {
			isa = XCBuildConfiguration;
			buildSettings = {
				ASSETCATALOG_COMPILER_APPICON_NAME = AppIcon;
				ASSETCATALOG_COMPILER_LAUNCHIMAGE_NAME = LaunchImage;
				CODE_SIGN_IDENTITY = "iPhone Developer";
				"CODE_SIGN_IDENTITY[sdk=iphoneos*]" = "iPhone Developer";
				GCC_PRECOMPILE_PREFIX_HEADER = YES;
				GCC_PREFIX_HEADER = "RadioStudent/RadioStudent-Prefix.pch";
				INFOPLIST_FILE = "RadioStudent/RadioStudent-Info.plist";
				IPHONEOS_DEPLOYMENT_TARGET = 7.0;
				PRODUCT_NAME = "$(TARGET_NAME)";
				PROVISIONING_PROFILE = "";
				WRAPPER_EXTENSION = app;
			};
			name = Release;
		};
		1C28C9FA186093CB00CB726C /* Debug */ = {
			isa = XCBuildConfiguration;
			buildSettings = {
				ARCHS = "$(ARCHS_STANDARD_INCLUDING_64_BIT)";
				BUNDLE_LOADER = "$(BUILT_PRODUCTS_DIR)/RadioStudent.app/RadioStudent";
				FRAMEWORK_SEARCH_PATHS = (
					"$(SDKROOT)/Developer/Library/Frameworks",
					"$(inherited)",
					"$(DEVELOPER_FRAMEWORKS_DIR)",
				);
				GCC_PRECOMPILE_PREFIX_HEADER = YES;
				GCC_PREFIX_HEADER = "RadioStudent/RadioStudent-Prefix.pch";
				GCC_PREPROCESSOR_DEFINITIONS = (
					"DEBUG=1",
					"$(inherited)",
				);
				INFOPLIST_FILE = "RadioStudentTests/RadioStudentTests-Info.plist";
				IPHONEOS_DEPLOYMENT_TARGET = 7.0;
				PRODUCT_NAME = "$(TARGET_NAME)";
				TEST_HOST = "$(BUNDLE_LOADER)";
				WRAPPER_EXTENSION = xctest;
			};
			name = Debug;
		};
		1C28C9FB186093CB00CB726C /* Release */ = {
			isa = XCBuildConfiguration;
			buildSettings = {
				ARCHS = "$(ARCHS_STANDARD_INCLUDING_64_BIT)";
				BUNDLE_LOADER = "$(BUILT_PRODUCTS_DIR)/RadioStudent.app/RadioStudent";
				FRAMEWORK_SEARCH_PATHS = (
					"$(SDKROOT)/Developer/Library/Frameworks",
					"$(inherited)",
					"$(DEVELOPER_FRAMEWORKS_DIR)",
				);
				GCC_PRECOMPILE_PREFIX_HEADER = YES;
				GCC_PREFIX_HEADER = "RadioStudent/RadioStudent-Prefix.pch";
				INFOPLIST_FILE = "RadioStudentTests/RadioStudentTests-Info.plist";
				IPHONEOS_DEPLOYMENT_TARGET = 7.0;
				PRODUCT_NAME = "$(TARGET_NAME)";
				TEST_HOST = "$(BUNDLE_LOADER)";
				WRAPPER_EXTENSION = xctest;
			};
			name = Release;
		};
/* End XCBuildConfiguration section */

/* Begin XCConfigurationList section */
		1C28C9BF186093CB00CB726C /* Build configuration list for PBXProject "RadioStudent" */ = {
			isa = XCConfigurationList;
			buildConfigurations = (
				1C28C9F4186093CB00CB726C /* Debug */,
				1C28C9F5186093CB00CB726C /* Release */,
			);
			defaultConfigurationIsVisible = 0;
			defaultConfigurationName = Release;
		};
		1C28C9F6186093CB00CB726C /* Build configuration list for PBXNativeTarget "RadioStudent" */ = {
			isa = XCConfigurationList;
			buildConfigurations = (
				1C28C9F7186093CB00CB726C /* Debug */,
				1C28C9F8186093CB00CB726C /* Release */,
			);
			defaultConfigurationIsVisible = 0;
			defaultConfigurationName = Release;
		};
		1C28C9F9186093CB00CB726C /* Build configuration list for PBXNativeTarget "RadioStudentTests" */ = {
			isa = XCConfigurationList;
			buildConfigurations = (
				1C28C9FA186093CB00CB726C /* Debug */,
				1C28C9FB186093CB00CB726C /* Release */,
			);
			defaultConfigurationIsVisible = 0;
			defaultConfigurationName = Release;
		};
/* End XCConfigurationList section */
	};
	rootObject = 1C28C9BC186093CB00CB726C /* Project object */;
}
